
Microsoft Visual Studio Solution File, Format Version 12.00
# Visual Studio Version 17
VisualStudioVersion = 17.7.34018.315
MinimumVisualStudioVersion = 10.0.40219.1
Project("{FAE04EC0-301F-11D3-BF4B-00C04F79EFBC}") = "MVC_PassandoParamentroDeumaTelaParaUtra", "MVC_PassandoParamentroDeumaTelaParaUtra\MVC_PassandoParamentroDeumaTelaParaUtra.csproj", "{88C37D6A-CB93-438F-BC2D-E735640C5489}"
EndProject
Global
	GlobalSection(SolutionConfigurationPlatforms) = preSolution
		Debug|Any CPU = Debug|Any CPU
		Release|Any CPU = Release|Any CPU
	EndGlobalSection
	GlobalSection(ProjectConfigurationPlatforms) = postSolution
		{88C37D6A-CB93-438F-BC2D-E735640C5489}.Debug|Any CPU.ActiveCfg = Debug|Any CPU
		{88C37D6A-CB93-438F-BC2D-E735640C5489}.Debug|Any CPU.Build.0 = Debug|Any CPU
		{88C37D6A-CB93-438F-BC2D-E735640C5489}.Release|Any CPU.ActiveCfg = Release|Any CPU
		{88C37D6A-CB93-438F-BC2D-E735640C5489}.Release|Any CPU.Build.0 = Release|Any CPU
	EndGlobalSection
	GlobalSection(SolutionProperties) = preSolution
		HideSolutionNode = FALSE
	EndGlobalSection
	GlobalSection(ExtensibilityGlobals) = postSolution
		SolutionGuid = {FCC7DA67-B8AC-4A4C-9FCA-F82F1DF6AA32}
	EndGlobalSection
EndGlobal
